
Microsoft Visual Studio Solution File, Format Version 12.00
# Visual Studio Version 17
VisualStudioVersion = 17.8.34309.116
MinimumVisualStudioVersion = 10.0.40219.1
Project("{FAE04EC0-301F-11D3-BF4B-00C04F79EFBC}") = "Simul", "Simul.csproj", "{F060717D-4AE6-4944-8D73-BD67A7C420FB}"
EndProject
Global
	GlobalSection(SolutionConfigurationPlatforms) = preSolution
		Debug|Any CPU = Debug|Any CPU
		Release|Any CPU = Release|Any CPU
	EndGlobalSection
	GlobalSection(ProjectConfigurationPlatforms) = postSolution
		{F060717D-4AE6-4944-8D73-BD67A7C420FB}.Debug|Any CPU.ActiveCfg = Debug|Any CPU
		{F060717D-4AE6-4944-8D73-BD67A7C420FB}.Debug|Any CPU.Build.0 = Debug|Any CPU
		{F060717D-4AE6-4944-8D73-BD67A7C420FB}.Release|Any CPU.ActiveCfg = Release|Any CPU
		{F060717D-4AE6-4944-8D73-BD67A7C420FB}.Release|Any CPU.Build.0 = Release|Any CPU
	EndGlobalSection
	GlobalSection(SolutionProperties) = preSolution
		HideSolutionNode = FALSE
	EndGlobalSection
	GlobalSection(ExtensibilityGlobals) = postSolution
		SolutionGuid = {72CA2CB0-9C71-4333-964A-297A26159681}
	EndGlobalSection
EndGlobal
